
Microsoft Visual Studio Solution File, Format Version 12.00
# Visual Studio Version 16
VisualStudioVersion = 16.0.31005.135
MinimumVisualStudioVersion = 10.0.40219.1
Project("{2150E333-8FDC-42A3-9474-1A3956D46DE8}") = "Solution Items", "Solution Items", "{A3E2CC1A-8511-45C4-9EB2-F21B54DDB660}"
	ProjectSection(SolutionItems) = preProject
		README.md = README.md
	EndProjectSection
EndProject
Project("{2150E333-8FDC-42A3-9474-1A3956D46DE8}") = "Period", "Period", "{BCD25A38-7ED8-4196-8575-6BF0794DB093}"
EndProject
Project("{2150E333-8FDC-42A3-9474-1A3956D46DE8}") = "Week01", "Week01", "{DDD3E049-30B2-4931-B1BF-B18A40B60D14}"
EndProject
Project("{9A19103F-16F7-4668-BE54-9A1E7A4F7556}") = "HelloWorld", "Period\Week01\HelloWorld\HelloWorld.csproj", "{00F32530-9D28-41C7-9713-1BA3C10B7AD6}"
EndProject
Project("{9A19103F-16F7-4668-BE54-9A1E7A4F7556}") = "SimpleComputing", "Period\Week02\SimpleComputing\SimpleComputing.csproj", "{36B2A626-92ED-4F77-B632-9DADBFA2E868}"
EndProject
Project("{2150E333-8FDC-42A3-9474-1A3956D46DE8}") = "Week02", "Week02", "{CC4C8A68-5643-45EC-8B6D-6A53ECA543E1}"
EndProject
Project("{9A19103F-16F7-4668-BE54-9A1E7A4F7556}") = "SubmitTools", "SubmitTools\SubmitTools.csproj", "{B93B2FFC-76E4-4582-8B42-BFDAF1EC4B47}"
EndProject
Project("{2150E333-8FDC-42A3-9474-1A3956D46DE8}") = "Week03", "Week03", "{2FFA01EC-84F4-4DA3-A4C7-8B0F6E73435D}"
EndProject
Project("{9A19103F-16F7-4668-BE54-9A1E7A4F7556}") = "Polygon", "Period\Week03\Polygon\Polygon.csproj", "{8861FB85-D931-4704-A601-510AE3167978}"
EndProject
Project("{2150E333-8FDC-42A3-9474-1A3956D46DE8}") = "Week04", "Week04", "{09238B7D-DA61-45F8-B77B-8946890F0696}"
EndProject
Project("{9A19103F-16F7-4668-BE54-9A1E7A4F7556}") = "Alarm", "Period\Week04\Alarm\Alarm.csproj", "{84C82B9C-47A1-43B2-9689-F2C66D5A4779}"
EndProject
Project("{2150E333-8FDC-42A3-9474-1A3956D46DE8}") = "Week05", "Week05", "{569387DD-57F6-4E05-85E1-96F59F945874}"
EndProject
Project("{9A19103F-16F7-4668-BE54-9A1E7A4F7556}") = "Goldbach", "Period\Week05\Goldbach\Goldbach.csproj", "{D4C7B113-6D7E-4FAB-A37D-5172640D4D84}"
EndProject
Project("{9A19103F-16F7-4668-BE54-9A1E7A4F7556}") = "WithLinq", "Period\Week05\WithLinq\WithLinq.csproj", "{56D34D13-BBED-492D-B138-6987B19B3D40}"
EndProject
Project("{2150E333-8FDC-42A3-9474-1A3956D46DE8}") = "Week06", "Week06", "{0160F564-C47D-4C98-BF9C-3BB98772C6BF}"
EndProject
Project("{FAE04EC0-301F-11D3-BF4B-00C04F79EFBC}") = "CombineTextFile", "Period\Week06\CombineTextFile\CombineTextFile.csproj", "{CD185916-AE52-4100-AF43-BB818E7EBDBF}"
EndProject
Project("{2150E333-8FDC-42A3-9474-1A3956D46DE8}") = "Week07", "Week07", "{5610C457-EED7-4313-937B-9CC83946D672}"
EndProject
Project("{9A19103F-16F7-4668-BE54-9A1E7A4F7556}") = "Calculator", "Period\Week07\Calculator\Calculator.csproj", "{610B6F91-7852-4B25-95D1-89D965D58A26}"
EndProject
Project("{9A19103F-16F7-4668-BE54-9A1E7A4F7556}") = "CayleyTree", "Period\Week07\CayleyTree\CayleyTree.csproj", "{35E7198B-08AE-4906-A755-08188170948D}"
EndProject
Project("{2150E333-8FDC-42A3-9474-1A3956D46DE8}") = "Week09", "Week09", "{A8238FB1-6CE0-434D-9493-64F44B2A34FB}"
EndProject
Project("{FAE04EC0-301F-11D3-BF4B-00C04F79EFBC}") = "IDNumberRegex", "Period\Week09\IDNumberRegex\IDNumberRegex.csproj", "{38C1A676-A5CF-494B-9AFF-C081EC5E0A6A}"
EndProject
Global
	GlobalSection(SolutionConfigurationPlatforms) = preSolution
		Debug|Any CPU = Debug|Any CPU
		Release|Any CPU = Release|Any CPU
	EndGlobalSection
	GlobalSection(ProjectConfigurationPlatforms) = postSolution
		{00F32530-9D28-41C7-9713-1BA3C10B7AD6}.Debug|Any CPU.ActiveCfg = Debug|Any CPU
		{00F32530-9D28-41C7-9713-1BA3C10B7AD6}.Debug|Any CPU.Build.0 = Debug|Any CPU
		{00F32530-9D28-41C7-9713-1BA3C10B7AD6}.Release|Any CPU.ActiveCfg = Release|Any CPU
		{00F32530-9D28-41C7-9713-1BA3C10B7AD6}.Release|Any CPU.Build.0 = Release|Any CPU
		{36B2A626-92ED-4F77-B632-9DADBFA2E868}.Debug|Any CPU.ActiveCfg = Debug|Any CPU
		{36B2A626-92ED-4F77-B632-9DADBFA2E868}.Debug|Any CPU.Build.0 = Debug|Any CPU
		{36B2A626-92ED-4F77-B632-9DADBFA2E868}.Release|Any CPU.ActiveCfg = Release|Any CPU
		{36B2A626-92ED-4F77-B632-9DADBFA2E868}.Release|Any CPU.Build.0 = Release|Any CPU
		{B93B2FFC-76E4-4582-8B42-BFDAF1EC4B47}.Debug|Any CPU.ActiveCfg = Debug|Any CPU
		{B93B2FFC-76E4-4582-8B42-BFDAF1EC4B47}.Debug|Any CPU.Build.0 = Debug|Any CPU
		{B93B2FFC-76E4-4582-8B42-BFDAF1EC4B47}.Release|Any CPU.ActiveCfg = Release|Any CPU
		{B93B2FFC-76E4-4582-8B42-BFDAF1EC4B47}.Release|Any CPU.Build.0 = Release|Any CPU
		{8861FB85-D931-4704-A601-510AE3167978}.Debug|Any CPU.ActiveCfg = Debug|Any CPU
		{8861FB85-D931-4704-A601-510AE3167978}.Debug|Any CPU.Build.0 = Debug|Any CPU
		{8861FB85-D931-4704-A601-510AE3167978}.Release|Any CPU.ActiveCfg = Release|Any CPU
		{8861FB85-D931-4704-A601-510AE3167978}.Release|Any CPU.Build.0 = Release|Any CPU
		{84C82B9C-47A1-43B2-9689-F2C66D5A4779}.Debug|Any CPU.ActiveCfg = Debug|Any CPU
		{84C82B9C-47A1-43B2-9689-F2C66D5A4779}.Debug|Any CPU.Build.0 = Debug|Any CPU
		{84C82B9C-47A1-43B2-9689-F2C66D5A4779}.Release|Any CPU.ActiveCfg = Release|Any CPU
		{84C82B9C-47A1-43B2-9689-F2C66D5A4779}.Release|Any CPU.Build.0 = Release|Any CPU
		{D4C7B113-6D7E-4FAB-A37D-5172640D4D84}.Debug|Any CPU.ActiveCfg = Debug|Any CPU
		{D4C7B113-6D7E-4FAB-A37D-5172640D4D84}.Debug|Any CPU.Build.0 = Debug|Any CPU
		{D4C7B113-6D7E-4FAB-A37D-5172640D4D84}.Release|Any CPU.ActiveCfg = Release|Any CPU
		{D4C7B113-6D7E-4FAB-A37D-5172640D4D84}.Release|Any CPU.Build.0 = Release|Any CPU
		{56D34D13-BBED-492D-B138-6987B19B3D40}.Debug|Any CPU.ActiveCfg = Debug|Any CPU
		{56D34D13-BBED-492D-B138-6987B19B3D40}.Debug|Any CPU.Build.0 = Debug|Any CPU
		{56D34D13-BBED-492D-B138-6987B19B3D40}.Release|Any CPU.ActiveCfg = Release|Any CPU
		{56D34D13-BBED-492D-B138-6987B19B3D40}.Release|Any CPU.Build.0 = Release|Any CPU
		{CD185916-AE52-4100-AF43-BB818E7EBDBF}.Debug|Any CPU.ActiveCfg = Debug|Any CPU
		{CD185916-AE52-4100-AF43-BB818E7EBDBF}.Debug|Any CPU.Build.0 = Debug|Any CPU
		{CD185916-AE52-4100-AF43-BB818E7EBDBF}.Release|Any CPU.ActiveCfg = Release|Any CPU
		{CD185916-AE52-4100-AF43-BB818E7EBDBF}.Release|Any CPU.Build.0 = Release|Any CPU
		{610B6F91-7852-4B25-95D1-89D965D58A26}.Debug|Any CPU.ActiveCfg = Debug|Any CPU
		{610B6F91-7852-4B25-95D1-89D965D58A26}.Debug|Any CPU.Build.0 = Debug|Any CPU
		{610B6F91-7852-4B25-95D1-89D965D58A26}.Release|Any CPU.ActiveCfg = Release|Any CPU
		{610B6F91-7852-4B25-95D1-89D965D58A26}.Release|Any CPU.Build.0 = Release|Any CPU
		{35E7198B-08AE-4906-A755-08188170948D}.Debug|Any CPU.ActiveCfg = Debug|Any CPU
		{35E7198B-08AE-4906-A755-08188170948D}.Debug|Any CPU.Build.0 = Debug|Any CPU
		{35E7198B-08AE-4906-A755-08188170948D}.Release|Any CPU.ActiveCfg = Release|Any CPU
		{35E7198B-08AE-4906-A755-08188170948D}.Release|Any CPU.Build.0 = Release|Any CPU
		{38C1A676-A5CF-494B-9AFF-C081EC5E0A6A}.Debug|Any CPU.ActiveCfg = Debug|Any CPU
		{38C1A676-A5CF-494B-9AFF-C081EC5E0A6A}.Debug|Any CPU.Build.0 = Debug|Any CPU
		{38C1A676-A5CF-494B-9AFF-C081EC5E0A6A}.Release|Any CPU.ActiveCfg = Release|Any CPU
		{38C1A676-A5CF-494B-9AFF-C081EC5E0A6A}.Release|Any CPU.Build.0 = Release|Any CPU
	EndGlobalSection
	GlobalSection(SolutionProperties) = preSolution
		HideSolutionNode = FALSE
	EndGlobalSection
	GlobalSection(NestedProjects) = preSolution
		{DDD3E049-30B2-4931-B1BF-B18A40B60D14} = {BCD25A38-7ED8-4196-8575-6BF0794DB093}
		{00F32530-9D28-41C7-9713-1BA3C10B7AD6} = {DDD3E049-30B2-4931-B1BF-B18A40B60D14}
		{36B2A626-92ED-4F77-B632-9DADBFA2E868} = {CC4C8A68-5643-45EC-8B6D-6A53ECA543E1}
		{CC4C8A68-5643-45EC-8B6D-6A53ECA543E1} = {BCD25A38-7ED8-4196-8575-6BF0794DB093}
		{2FFA01EC-84F4-4DA3-A4C7-8B0F6E73435D} = {BCD25A38-7ED8-4196-8575-6BF0794DB093}
		{8861FB85-D931-4704-A601-510AE3167978} = {2FFA01EC-84F4-4DA3-A4C7-8B0F6E73435D}
		{09238B7D-DA61-45F8-B77B-8946890F0696} = {BCD25A38-7ED8-4196-8575-6BF0794DB093}
		{84C82B9C-47A1-43B2-9689-F2C66D5A4779} = {09238B7D-DA61-45F8-B77B-8946890F0696}
		{569387DD-57F6-4E05-85E1-96F59F945874} = {BCD25A38-7ED8-4196-8575-6BF0794DB093}
		{D4C7B113-6D7E-4FAB-A37D-5172640D4D84} = {569387DD-57F6-4E05-85E1-96F59F945874}
		{56D34D13-BBED-492D-B138-6987B19B3D40} = {569387DD-57F6-4E05-85E1-96F59F945874}
		{0160F564-C47D-4C98-BF9C-3BB98772C6BF} = {BCD25A38-7ED8-4196-8575-6BF0794DB093}
		{CD185916-AE52-4100-AF43-BB818E7EBDBF} = {0160F564-C47D-4C98-BF9C-3BB98772C6BF}
		{5610C457-EED7-4313-937B-9CC83946D672} = {BCD25A38-7ED8-4196-8575-6BF0794DB093}
		{610B6F91-7852-4B25-95D1-89D965D58A26} = {5610C457-EED7-4313-937B-9CC83946D672}
		{35E7198B-08AE-4906-A755-08188170948D} = {5610C457-EED7-4313-937B-9CC83946D672}
		{A8238FB1-6CE0-434D-9493-64F44B2A34FB} = {BCD25A38-7ED8-4196-8575-6BF0794DB093}
		{38C1A676-A5CF-494B-9AFF-C081EC5E0A6A} = {A8238FB1-6CE0-434D-9493-64F44B2A34FB}
	EndGlobalSection
	GlobalSection(ExtensibilityGlobals) = postSolution
		SolutionGuid = {8688BB5E-EDF3-4A63-B11A-A4AD09FEC911}
	EndGlobalSection
EndGlobal
